
Microsoft Visual Studio Solution File, Format Version 12.00
# Visual Studio Version 16
VisualStudioVersion = 16.0.29920.165
MinimumVisualStudioVersion = 10.0.40219.1
Project("{FAE04EC0-301F-11D3-BF4B-00C04F79EFBC}") = "VideoRandomizer", "VideoRandomizer.csproj", "{3CA57D9C-9CEC-4A41-974E-1A4257094CB6}"
EndProject
Global
	GlobalSection(SolutionConfigurationPlatforms) = preSolution
		Debug|Any CPU = Debug|Any CPU
		Release|Any CPU = Release|Any CPU
	EndGlobalSection
	GlobalSection(ProjectConfigurationPlatforms) = postSolution
		{3CA57D9C-9CEC-4A41-974E-1A4257094CB6}.Debug|Any CPU.ActiveCfg = Debug|Any CPU
		{3CA57D9C-9CEC-4A41-974E-1A4257094CB6}.Debug|Any CPU.Build.0 = Debug|Any CPU
		{3CA57D9C-9CEC-4A41-974E-1A4257094CB6}.Release|Any CPU.ActiveCfg = Release|Any CPU
		{3CA57D9C-9CEC-4A41-974E-1A4257094CB6}.Release|Any CPU.Build.0 = Release|Any CPU
	EndGlobalSection
	GlobalSection(SolutionProperties) = preSolution
		HideSolutionNode = FALSE
	EndGlobalSection
	GlobalSection(ExtensibilityGlobals) = postSolution
		SolutionGuid = {FF828E55-024D-4B77-BD31-534CD0E96F91}
	EndGlobalSection
EndGlobal
